<Solution>
  <Configurations>
    <Platform Name="Any CPU" />
    <Platform Name="x64" />
    <Platform Name="x86" />
  </Configurations>
  <Folder Name="/Solution Items/">
    <File Path=".editorconfig" />
  </Folder>
  <Folder Name="/Tests/">
    <Project Path="Tests/Pure.Diagram.RichRelationalModel.EFCore.Models.Configurations.Tests/Pure.Diagram.RichRelationalModel.EFCore.Models.Configurations.Tests.csproj" />
  </Folder>
  <Project Path="Pure.Diagram.RichRelationalModel.EFCore.Models.Configurations/Pure.Diagram.RichRelationalModel.EFCore.Models.Configurations.csproj" />
</Solution>
